// !$*UTF8*$!
{
	archiveVersion = 1;
	classes = {
	};
	objectVersion = 56;
	objects = {

/* Begin PBXBuildFile section */
		E5B5A0492BEF8FFD00AA0B71 /* AppDelegate.swift in Sources */ = {isa = PBXBuildFile; fileRef = E5B5A0482BEF8FFD00AA0B71 /* AppDelegate.swift */; };
		E5B5A04B2BEF8FFD00AA0B71 /* SceneDelegate.swift in Sources */ = {isa = PBXBuildFile; fileRef = E5B5A04A2BEF8FFD00AA0B71 /* SceneDelegate.swift */; };
		E5B5A04D2BEF8FFD00AA0B71 /* HomeViewController.swift in Sources */ = {isa = PBXBuildFile; fileRef = E5B5A04C2BEF8FFD00AA0B71 /* HomeViewController.swift */; };
		E5B5A0522BEF900900AA0B71 /* Assets.xcassets in Resources */ = {isa = PBXBuildFile; fileRef = E5B5A0512BEF900900AA0B71 /* Assets.xcassets */; };
		E5B5A0552BEF900900AA0B71 /* Base in Resources */ = {isa = PBXBuildFile; fileRef = E5B5A0542BEF900900AA0B71 /* Base */; };
		E5B5A0642BEF975C00AA0B71 /* HomeView.swift in Sources */ = {isa = PBXBuildFile; fileRef = E5B5A0632BEF975C00AA0B71 /* HomeView.swift */; };
		E5B5A0672BEF997400AA0B71 /* NewsViewCell.swift in Sources */ = {isa = PBXBuildFile; fileRef = E5B5A0662BEF997400AA0B71 /* NewsViewCell.swift */; };
		E5B5A06B2BEF9A8B00AA0B71 /* ViewConfig.swift in Sources */ = {isa = PBXBuildFile; fileRef = E5B5A06A2BEF9A8B00AA0B71 /* ViewConfig.swift */; };
		E5B5A06E2BEFD94800AA0B71 /* Service.swift in Sources */ = {isa = PBXBuildFile; fileRef = E5B5A06D2BEFD94800AA0B71 /* Service.swift */; };
		E5B5A0702BEFDA0600AA0B71 /* ServiceError.swift in Sources */ = {isa = PBXBuildFile; fileRef = E5B5A06F2BEFDA0600AA0B71 /* ServiceError.swift */; };
		E5B5A0722BEFDAAF00AA0B71 /* UrlPaths.swift in Sources */ = {isa = PBXBuildFile; fileRef = E5B5A0712BEFDAAF00AA0B71 /* UrlPaths.swift */; };
		E5B5A0742BEFDD6D00AA0B71 /* NewsModel.swift in Sources */ = {isa = PBXBuildFile; fileRef = E5B5A0732BEFDD6D00AA0B71 /* NewsModel.swift */; };
		E5B5A0762BEFE1C100AA0B71 /* HomeViewModel.swift in Sources */ = {isa = PBXBuildFile; fileRef = E5B5A0752BEFE1C100AA0B71 /* HomeViewModel.swift */; };
		E5B5A0792BF0E99900AA0B71 /* PostViewController.swift in Sources */ = {isa = PBXBuildFile; fileRef = E5B5A0782BF0E99900AA0B71 /* PostViewController.swift */; };
		E5B5A07C2BF0E9C800AA0B71 /* PostView.swift in Sources */ = {isa = PBXBuildFile; fileRef = E5B5A07B2BF0E9C800AA0B71 /* PostView.swift */; };
		E5F1F6F72BF2DF480049A15B /* UIImageView+Download.swift in Sources */ = {isa = PBXBuildFile; fileRef = E5F1F6F62BF2DF470049A15B /* UIImageView+Download.swift */; };
		E5F1F6FA2BF2E3720049A15B /* PostViewModel.swift in Sources */ = {isa = PBXBuildFile; fileRef = E5F1F6F92BF2E3710049A15B /* PostViewModel.swift */; };
		E5F1F6FC2BF2EB760049A15B /* String+DataFormatter.swift in Sources */ = {isa = PBXBuildFile; fileRef = E5F1F6FB2BF2EB760049A15B /* String+DataFormatter.swift */; };
/* End PBXBuildFile section */

/* Begin PBXFileReference section */
		E5B5A0452BEF8FFD00AA0B71 /* NewsApp.app */ = {isa = PBXFileReference; explicitFileType = wrapper.application; includeInIndex = 0; path = NewsApp.app; sourceTree = BUILT_PRODUCTS_DIR; };
		E5B5A0482BEF8FFD00AA0B71 /* AppDelegate.swift */ = {isa = PBXFileReference; lastKnownFileType = sourcecode.swift; path = AppDelegate.swift; sourceTree = "<group>"; };
		E5B5A04A2BEF8FFD00AA0B71 /* SceneDelegate.swift */ = {isa = PBXFileReference; lastKnownFileType = sourcecode.swift; path = SceneDelegate.swift; sourceTree = "<group>"; };
		E5B5A04C2BEF8FFD00AA0B71 /* HomeViewController.swift */ = {isa = PBXFileReference; lastKnownFileType = sourcecode.swift; path = HomeViewController.swift; sourceTree = "<group>"; };
		E5B5A0512BEF900900AA0B71 /* Assets.xcassets */ = {isa = PBXFileReference; lastKnownFileType = folder.assetcatalog; path = Assets.xcassets; sourceTree = "<group>"; };
		E5B5A0542BEF900900AA0B71 /* Base */ = {isa = PBXFileReference; lastKnownFileType = file.storyboard; name = Base; path = Base.lproj/LaunchScreen.storyboard; sourceTree = "<group>"; };
		E5B5A0562BEF900900AA0B71 /* Info.plist */ = {isa = PBXFileReference; lastKnownFileType = text.plist.xml; path = Info.plist; sourceTree = "<group>"; };
		E5B5A0632BEF975C00AA0B71 /* HomeView.swift */ = {isa = PBXFileReference; lastKnownFileType = sourcecode.swift; path = HomeView.swift; sourceTree = "<group>"; };
		E5B5A0662BEF997400AA0B71 /* NewsViewCell.swift */ = {isa = PBXFileReference; lastKnownFileType = sourcecode.swift; path = NewsViewCell.swift; sourceTree = "<group>"; };
		E5B5A06A2BEF9A8B00AA0B71 /* ViewConfig.swift */ = {isa = PBXFileReference; lastKnownFileType = sourcecode.swift; path = ViewConfig.swift; sourceTree = "<group>"; };
		E5B5A06D2BEFD94800AA0B71 /* Service.swift */ = {isa = PBXFileReference; lastKnownFileType = sourcecode.swift; path = Service.swift; sourceTree = "<group>"; };
		E5B5A06F2BEFDA0600AA0B71 /* ServiceError.swift */ = {isa = PBXFileReference; lastKnownFileType = sourcecode.swift; path = ServiceError.swift; sourceTree = "<group>"; };
		E5B5A0712BEFDAAF00AA0B71 /* UrlPaths.swift */ = {isa = PBXFileReference; lastKnownFileType = sourcecode.swift; path = UrlPaths.swift; sourceTree = "<group>"; };
		E5B5A0732BEFDD6D00AA0B71 /* NewsModel.swift */ = {isa = PBXFileReference; lastKnownFileType = sourcecode.swift; path = NewsModel.swift; sourceTree = "<group>"; };
		E5B5A0752BEFE1C100AA0B71 /* HomeViewModel.swift */ = {isa = PBXFileReference; lastKnownFileType = sourcecode.swift; path = HomeViewModel.swift; sourceTree = "<group>"; };
		E5B5A0782BF0E99900AA0B71 /* PostViewController.swift */ = {isa = PBXFileReference; lastKnownFileType = sourcecode.swift; path = PostViewController.swift; sourceTree = "<group>"; };
		E5B5A07B2BF0E9C800AA0B71 /* PostView.swift */ = {isa = PBXFileReference; lastKnownFileType = sourcecode.swift; path = PostView.swift; sourceTree = "<group>"; };
		E5F1F6F62BF2DF470049A15B /* UIImageView+Download.swift */ = {isa = PBXFileReference; lastKnownFileType = sourcecode.swift; path = "UIImageView+Download.swift"; sourceTree = "<group>"; };
		E5F1F6F92BF2E3710049A15B /* PostViewModel.swift */ = {isa = PBXFileReference; lastKnownFileType = sourcecode.swift; path = PostViewModel.swift; sourceTree = "<group>"; };
		E5F1F6FB2BF2EB760049A15B /* String+DataFormatter.swift */ = {isa = PBXFileReference; lastKnownFileType = sourcecode.swift; path = "String+DataFormatter.swift"; sourceTree = "<group>"; };
/* End PBXFileReference section */

/* Begin PBXFrameworksBuildPhase section */
		E5B5A0422BEF8FFD00AA0B71 /* Frameworks */ = {
			isa = PBXFrameworksBuildPhase;
			buildActionMask = 2147483647;
			files = (
			);
			runOnlyForDeploymentPostprocessing = 0;
		};
/* End PBXFrameworksBuildPhase section */

/* Begin PBXGroup section */
		E5B5A03C2BEF8FFD00AA0B71 = {
			isa = PBXGroup;
			children = (
				E5B5A0472BEF8FFD00AA0B71 /* NewsApp */,
				E5B5A0462BEF8FFD00AA0B71 /* Products */,
			);
			sourceTree = "<group>";
		};
		E5B5A0462BEF8FFD00AA0B71 /* Products */ = {
			isa = PBXGroup;
			children = (
				E5B5A0452BEF8FFD00AA0B71 /* NewsApp.app */,
			);
			name = Products;
			sourceTree = "<group>";
		};
		E5B5A0472BEF8FFD00AA0B71 /* NewsApp */ = {
			isa = PBXGroup;
			children = (
				E5B5A0682BEF9A6700AA0B71 /* Core */,
				E5B5A05C2BEF967100AA0B71 /* Start */,
				E5B5A05E2BEF96B200AA0B71 /* Freature */,
				E5B5A05D2BEF969900AA0B71 /* Resources */,
				E5B5A0562BEF900900AA0B71 /* Info.plist */,
			);
			path = NewsApp;
			sourceTree = "<group>";
		};
		E5B5A05C2BEF967100AA0B71 /* Start */ = {
			isa = PBXGroup;
			children = (
				E5B5A0482BEF8FFD00AA0B71 /* AppDelegate.swift */,
				E5B5A04A2BEF8FFD00AA0B71 /* SceneDelegate.swift */,
			);
			path = Start;
			sourceTree = "<group>";
		};
		E5B5A05D2BEF969900AA0B71 /* Resources */ = {
			isa = PBXGroup;
			children = (
				E5B5A0512BEF900900AA0B71 /* Assets.xcassets */,
				E5B5A0532BEF900900AA0B71 /* LaunchScreen.storyboard */,
			);
			path = Resources;
			sourceTree = "<group>";
		};
		E5B5A05E2BEF96B200AA0B71 /* Freature */ = {
			isa = PBXGroup;
			children = (
				E5B5A05F2BEF96C600AA0B71 /* Scene */,
			);
			path = Freature;
			sourceTree = "<group>";
		};
		E5B5A05F2BEF96C600AA0B71 /* Scene */ = {
			isa = PBXGroup;
			children = (
				E5B5A0772BF0E94F00AA0B71 /* Post */,
				E5B5A0602BEF96D000AA0B71 /* Home */,
			);
			path = Scene;
			sourceTree = "<group>";
		};
		E5B5A0602BEF96D000AA0B71 /* Home */ = {
			isa = PBXGroup;
			children = (
				E5B5A0622BEF96FC00AA0B71 /* UI */,
				E5B5A0652BEF993700AA0B71 /* Cell */,
				E5B5A0612BEF96DB00AA0B71 /* Presentation */,
			);
			path = Home;
			sourceTree = "<group>";
		};
		E5B5A0612BEF96DB00AA0B71 /* Presentation */ = {
			isa = PBXGroup;
			children = (
				E5B5A0752BEFE1C100AA0B71 /* HomeViewModel.swift */,
			);
			path = Presentation;
			sourceTree = "<group>";
		};
		E5B5A0622BEF96FC00AA0B71 /* UI */ = {
			isa = PBXGroup;
			children = (
				E5B5A04C2BEF8FFD00AA0B71 /* HomeViewController.swift */,
				E5B5A0632BEF975C00AA0B71 /* HomeView.swift */,
				E5F1F6F62BF2DF470049A15B /* UIImageView+Download.swift */,
			);
			path = UI;
			sourceTree = "<group>";
		};
		E5B5A0652BEF993700AA0B71 /* Cell */ = {
			isa = PBXGroup;
			children = (
				E5B5A0662BEF997400AA0B71 /* NewsViewCell.swift */,
			);
			path = Cell;
			sourceTree = "<group>";
		};
		E5B5A0682BEF9A6700AA0B71 /* Core */ = {
			isa = PBXGroup;
			children = (
				E5B5A06C2BEFD42D00AA0B71 /* Network */,
				E5B5A0692BEF9A7900AA0B71 /* ViewConfig */,
			);
			path = Core;
			sourceTree = "<group>";
		};
		E5B5A0692BEF9A7900AA0B71 /* ViewConfig */ = {
			isa = PBXGroup;
			children = (
				E5B5A06A2BEF9A8B00AA0B71 /* ViewConfig.swift */,
			);
			path = ViewConfig;
			sourceTree = "<group>";
		};
		E5B5A06C2BEFD42D00AA0B71 /* Network */ = {
			isa = PBXGroup;
			children = (
				E5B5A06D2BEFD94800AA0B71 /* Service.swift */,
				E5B5A06F2BEFDA0600AA0B71 /* ServiceError.swift */,
				E5B5A0712BEFDAAF00AA0B71 /* UrlPaths.swift */,
				E5B5A0732BEFDD6D00AA0B71 /* NewsModel.swift */,
			);
			path = Network;
			sourceTree = "<group>";
		};
		E5B5A0772BF0E94F00AA0B71 /* Post */ = {
			isa = PBXGroup;
			children = (
				E5F1F6F82BF2E3620049A15B /* Presentation */,
				E5B5A07A2BF0E9A700AA0B71 /* UI */,
			);
			path = Post;
			sourceTree = "<group>";
		};
		E5B5A07A2BF0E9A700AA0B71 /* UI */ = {
			isa = PBXGroup;
			children = (
				E5B5A0782BF0E99900AA0B71 /* PostViewController.swift */,
				E5B5A07B2BF0E9C800AA0B71 /* PostView.swift */,
				E5F1F6FB2BF2EB760049A15B /* String+DataFormatter.swift */,
			);
			path = UI;
			sourceTree = "<group>";
		};
		E5F1F6F82BF2E3620049A15B /* Presentation */ = {
			isa = PBXGroup;
			children = (
				E5F1F6F92BF2E3710049A15B /* PostViewModel.swift */,
			);
			path = Presentation;
			sourceTree = "<group>";
		};
/* End PBXGroup section */

/* Begin PBXNativeTarget section */
		E5B5A0442BEF8FFD00AA0B71 /* NewsApp */ = {
			isa = PBXNativeTarget;
			buildConfigurationList = E5B5A0592BEF900900AA0B71 /* Build configuration list for PBXNativeTarget "NewsApp" */;
			buildPhases = (
				E5B5A0412BEF8FFD00AA0B71 /* Sources */,
				E5B5A0422BEF8FFD00AA0B71 /* Frameworks */,
				E5B5A0432BEF8FFD00AA0B71 /* Resources */,
			);
			buildRules = (
			);
			dependencies = (
			);
			name = NewsApp;
			productName = NewsApp;
			productReference = E5B5A0452BEF8FFD00AA0B71 /* NewsApp.app */;
			productType = "com.apple.product-type.application";
		};
/* End PBXNativeTarget section */

/* Begin PBXProject section */
		E5B5A03D2BEF8FFD00AA0B71 /* Project object */ = {
			isa = PBXProject;
			attributes = {
				BuildIndependentTargetsInParallel = 1;
				LastSwiftUpdateCheck = 1530;
				LastUpgradeCheck = 1530;
				TargetAttributes = {
					E5B5A0442BEF8FFD00AA0B71 = {
						CreatedOnToolsVersion = 15.3;
					};
				};
			};
			buildConfigurationList = E5B5A0402BEF8FFD00AA0B71 /* Build configuration list for PBXProject "NewsApp" */;
			compatibilityVersion = "Xcode 14.0";
			developmentRegion = en;
			hasScannedForEncodings = 0;
			knownRegions = (
				en,
				Base,
			);
			mainGroup = E5B5A03C2BEF8FFD00AA0B71;
			productRefGroup = E5B5A0462BEF8FFD00AA0B71 /* Products */;
			projectDirPath = "";
			projectRoot = "";
			targets = (
				E5B5A0442BEF8FFD00AA0B71 /* NewsApp */,
			);
		};
/* End PBXProject section */

/* Begin PBXResourcesBuildPhase section */
		E5B5A0432BEF8FFD00AA0B71 /* Resources */ = {
			isa = PBXResourcesBuildPhase;
			buildActionMask = 2147483647;
			files = (
				E5B5A0522BEF900900AA0B71 /* Assets.xcassets in Resources */,
				E5B5A0552BEF900900AA0B71 /* Base in Resources */,
			);
			runOnlyForDeploymentPostprocessing = 0;
		};
/* End PBXResourcesBuildPhase section */

/* Begin PBXSourcesBuildPhase section */
		E5B5A0412BEF8FFD00AA0B71 /* Sources */ = {
			isa = PBXSourcesBuildPhase;
			buildActionMask = 2147483647;
			files = (
				E5F1F6FA2BF2E3720049A15B /* PostViewModel.swift in Sources */,
				E5B5A0792BF0E99900AA0B71 /* PostViewController.swift in Sources */,
				E5B5A0702BEFDA0600AA0B71 /* ServiceError.swift in Sources */,
				E5B5A0762BEFE1C100AA0B71 /* HomeViewModel.swift in Sources */,
				E5B5A06B2BEF9A8B00AA0B71 /* ViewConfig.swift in Sources */,
				E5F1F6FC2BF2EB760049A15B /* String+DataFormatter.swift in Sources */,
				E5B5A06E2BEFD94800AA0B71 /* Service.swift in Sources */,
				E5B5A04D2BEF8FFD00AA0B71 /* HomeViewController.swift in Sources */,
				E5B5A0742BEFDD6D00AA0B71 /* NewsModel.swift in Sources */,
				E5B5A0642BEF975C00AA0B71 /* HomeView.swift in Sources */,
				E5B5A0672BEF997400AA0B71 /* NewsViewCell.swift in Sources */,
				E5B5A0492BEF8FFD00AA0B71 /* AppDelegate.swift in Sources */,
				E5B5A0722BEFDAAF00AA0B71 /* UrlPaths.swift in Sources */,
				E5B5A07C2BF0E9C800AA0B71 /* PostView.swift in Sources */,
				E5F1F6F72BF2DF480049A15B /* UIImageView+Download.swift in Sources */,
				E5B5A04B2BEF8FFD00AA0B71 /* SceneDelegate.swift in Sources */,
			);
			runOnlyForDeploymentPostprocessing = 0;
		};
/* End PBXSourcesBuildPhase section */

/* Begin PBXVariantGroup section */
		E5B5A0532BEF900900AA0B71 /* LaunchScreen.storyboard */ = {
			isa = PBXVariantGroup;
			children = (
				E5B5A0542BEF900900AA0B71 /* Base */,
			);
			name = LaunchScreen.storyboard;
			sourceTree = "<group>";
		};
/* End PBXVariantGroup section */

/* Begin XCBuildConfiguration section */
		E5B5A0572BEF900900AA0B71 /* Debug */ = {
			isa = XCBuildConfiguration;
			buildSettings = {
				ALWAYS_SEARCH_USER_PATHS = NO;
				ASSETCATALOG_COMPILER_GENERATE_SWIFT_ASSET_SYMBOL_EXTENSIONS = YES;
				CLANG_ANALYZER_NONNULL = YES;
				CLANG_ANALYZER_NUMBER_OBJECT_CONVERSION = YES_AGGRESSIVE;
				CLANG_CXX_LANGUAGE_STANDARD = "gnu++20";
				CLANG_ENABLE_MODULES = YES;
				CLANG_ENABLE_OBJC_ARC = YES;
				CLANG_ENABLE_OBJC_WEAK = YES;
				CLANG_WARN_BLOCK_CAPTURE_AUTORELEASING = YES;
				CLANG_WARN_BOOL_CONVERSION = YES;
				CLANG_WARN_COMMA = YES;
				CLANG_WARN_CONSTANT_CONVERSION = YES;
				CLANG_WARN_DEPRECATED_OBJC_IMPLEMENTATIONS = YES;
				CLANG_WARN_DIRECT_OBJC_ISA_USAGE = YES_ERROR;
				CLANG_WARN_DOCUMENTATION_COMMENTS = YES;
				CLANG_WARN_EMPTY_BODY = YES;
				CLANG_WARN_ENUM_CONVERSION = YES;
				CLANG_WARN_INFINITE_RECURSION = YES;
				CLANG_WARN_INT_CONVERSION = YES;
				CLANG_WARN_NON_LITERAL_NULL_CONVERSION = YES;
				CLANG_WARN_OBJC_IMPLICIT_RETAIN_SELF = YES;
				CLANG_WARN_OBJC_LITERAL_CONVERSION = YES;
				CLANG_WARN_OBJC_ROOT_CLASS = YES_ERROR;
				CLANG_WARN_QUOTED_INCLUDE_IN_FRAMEWORK_HEADER = YES;
				CLANG_WARN_RANGE_LOOP_ANALYSIS = YES;
				CLANG_WARN_STRICT_PROTOTYPES = YES;
				CLANG_WARN_SUSPICIOUS_MOVE = YES;
				CLANG_WARN_UNGUARDED_AVAILABILITY = YES_AGGRESSIVE;
				CLANG_WARN_UNREACHABLE_CODE = YES;
				CLANG_WARN__DUPLICATE_METHOD_MATCH = YES;
				COPY_PHASE_STRIP = NO;
				DEBUG_INFORMATION_FORMAT = dwarf;
				ENABLE_STRICT_OBJC_MSGSEND = YES;
				ENABLE_TESTABILITY = YES;
				ENABLE_USER_SCRIPT_SANDBOXING = YES;
				GCC_C_LANGUAGE_STANDARD = gnu17;
				GCC_DYNAMIC_NO_PIC = NO;
				GCC_NO_COMMON_BLOCKS = YES;
				GCC_OPTIMIZATION_LEVEL = 0;
				GCC_PREPROCESSOR_DEFINITIONS = (
					"DEBUG=1",
					"$(inherited)",
				);
				GCC_WARN_64_TO_32_BIT_CONVERSION = YES;
				GCC_WARN_ABOUT_RETURN_TYPE = YES_ERROR;
				GCC_WARN_UNDECLARED_SELECTOR = YES;
				GCC_WARN_UNINITIALIZED_AUTOS = YES_AGGRESSIVE;
				GCC_WARN_UNUSED_FUNCTION = YES;
				GCC_WARN_UNUSED_VARIABLE = YES;
				IPHONEOS_DEPLOYMENT_TARGET = 14.0;
				LOCALIZATION_PREFERS_STRING_CATALOGS = YES;
				MTL_ENABLE_DEBUG_INFO = INCLUDE_SOURCE;
				MTL_FAST_MATH = YES;
				ONLY_ACTIVE_ARCH = YES;
				SDKROOT = iphoneos;
				SWIFT_ACTIVE_COMPILATION_CONDITIONS = "DEBUG $(inherited)";
				SWIFT_OPTIMIZATION_LEVEL = "-Onone";
			};
			name = Debug;
		};
		E5B5A0582BEF900900AA0B71 /* Release */ = {
			isa = XCBuildConfiguration;
			buildSettings = {
				ALWAYS_SEARCH_USER_PATHS = NO;
				ASSETCATALOG_COMPILER_GENERATE_SWIFT_ASSET_SYMBOL_EXTENSIONS = YES;
				CLANG_ANALYZER_NONNULL = YES;
				CLANG_ANALYZER_NUMBER_OBJECT_CONVERSION = YES_AGGRESSIVE;
				CLANG_CXX_LANGUAGE_STANDARD = "gnu++20";
				CLANG_ENABLE_MODULES = YES;
				CLANG_ENABLE_OBJC_ARC = YES;
				CLANG_ENABLE_OBJC_WEAK = YES;
				CLANG_WARN_BLOCK_CAPTURE_AUTORELEASING = YES;
				CLANG_WARN_BOOL_CONVERSION = YES;
				CLANG_WARN_COMMA = YES;
				CLANG_WARN_CONSTANT_CONVERSION = YES;
				CLANG_WARN_DEPRECATED_OBJC_IMPLEMENTATIONS = YES;
				CLANG_WARN_DIRECT_OBJC_ISA_USAGE = YES_ERROR;
				CLANG_WARN_DOCUMENTATION_COMMENTS = YES;
				CLANG_WARN_EMPTY_BODY = YES;
				CLANG_WARN_ENUM_CONVERSION = YES;
				CLANG_WARN_INFINITE_RECURSION = YES;
				CLANG_WARN_INT_CONVERSION = YES;
				CLANG_WARN_NON_LITERAL_NULL_CONVERSION = YES;
				CLANG_WARN_OBJC_IMPLICIT_RETAIN_SELF = YES;
				CLANG_WARN_OBJC_LITERAL_CONVERSION = YES;
				CLANG_WARN_OBJC_ROOT_CLASS = YES_ERROR;
				CLANG_WARN_QUOTED_INCLUDE_IN_FRAMEWORK_HEADER = YES;
				CLANG_WARN_RANGE_LOOP_ANALYSIS = YES;
				CLANG_WARN_STRICT_PROTOTYPES = YES;
				CLANG_WARN_SUSPICIOUS_MOVE = YES;
				CLANG_WARN_UNGUARDED_AVAILABILITY = YES_AGGRESSIVE;
				CLANG_WARN_UNREACHABLE_CODE = YES;
				CLANG_WARN__DUPLICATE_METHOD_MATCH = YES;
				COPY_PHASE_STRIP = NO;
				DEBUG_INFORMATION_FORMAT = "dwarf-with-dsym";
				ENABLE_NS_ASSERTIONS = NO;
				ENABLE_STRICT_OBJC_MSGSEND = YES;
				ENABLE_USER_SCRIPT_SANDBOXING = YES;
				GCC_C_LANGUAGE_STANDARD = gnu17;
				GCC_NO_COMMON_BLOCKS = YES;
				GCC_WARN_64_TO_32_BIT_CONVERSION = YES;
				GCC_WARN_ABOUT_RETURN_TYPE = YES_ERROR;
				GCC_WARN_UNDECLARED_SELECTOR = YES;
				GCC_WARN_UNINITIALIZED_AUTOS = YES_AGGRESSIVE;
				GCC_WARN_UNUSED_FUNCTION = YES;
				GCC_WARN_UNUSED_VARIABLE = YES;
				IPHONEOS_DEPLOYMENT_TARGET = 14.0;
				LOCALIZATION_PREFERS_STRING_CATALOGS = YES;
				MTL_ENABLE_DEBUG_INFO = NO;
				MTL_FAST_MATH = YES;
				SDKROOT = iphoneos;
				SWIFT_COMPILATION_MODE = wholemodule;
				VALIDATE_PRODUCT = YES;
			};
			name = Release;
		};
		E5B5A05A2BEF900900AA0B71 /* Debug */ = {
			isa = XCBuildConfiguration;
			buildSettings = {
				ASSETCATALOG_COMPILER_APPICON_NAME = AppIcon;
				ASSETCATALOG_COMPILER_GLOBAL_ACCENT_COLOR_NAME = AccentColor;
				CODE_SIGN_STYLE = Automatic;
				CURRENT_PROJECT_VERSION = 1;
				DEVELOPMENT_TEAM = 452HFDN979;
				GENERATE_INFOPLIST_FILE = YES;
				INFOPLIST_FILE = NewsApp/Info.plist;
				INFOPLIST_KEY_UIApplicationSupportsIndirectInputEvents = YES;
				INFOPLIST_KEY_UILaunchStoryboardName = LaunchScreen;
				INFOPLIST_KEY_UIMainStoryboardFile = "";
				INFOPLIST_KEY_UISupportedInterfaceOrientations_iPad = "UIInterfaceOrientationPortrait UIInterfaceOrientationPortraitUpsideDown UIInterfaceOrientationLandscapeLeft UIInterfaceOrientationLandscapeRight";
				INFOPLIST_KEY_UISupportedInterfaceOrientations_iPhone = "UIInterfaceOrientationPortrait UIInterfaceOrientationLandscapeLeft UIInterfaceOrientationLandscapeRight";
				IPHONEOS_DEPLOYMENT_TARGET = 14.0;
				LD_RUNPATH_SEARCH_PATHS = (
					"$(inherited)",
					"@executable_path/Frameworks",
				);
				MARKETING_VERSION = 1.0;
				PRODUCT_BUNDLE_IDENTIFIER = co.mateusdias.NewsApp.NewsApp;
				PRODUCT_NAME = "$(TARGET_NAME)";
				SUPPORTED_PLATFORMS = "iphoneos iphonesimulator";
				SUPPORTS_MACCATALYST = NO;
				SUPPORTS_MAC_DESIGNED_FOR_IPHONE_IPAD = NO;
				SUPPORTS_XR_DESIGNED_FOR_IPHONE_IPAD = NO;
				SWIFT_EMIT_LOC_STRINGS = YES;
				SWIFT_VERSION = 5.0;
				TARGETED_DEVICE_FAMILY = 1;
			};
			name = Debug;
		};
		E5B5A05B2BEF900900AA0B71 /* Release */ = {
			isa = XCBuildConfiguration;
			buildSettings = {
				ASSETCATALOG_COMPILER_APPICON_NAME = AppIcon;
				ASSETCATALOG_COMPILER_GLOBAL_ACCENT_COLOR_NAME = AccentColor;
				CODE_SIGN_STYLE = Automatic;
				CURRENT_PROJECT_VERSION = 1;
				DEVELOPMENT_TEAM = 452HFDN979;
				GENERATE_INFOPLIST_FILE = YES;
				INFOPLIST_FILE = NewsApp/Info.plist;
				INFOPLIST_KEY_UIApplicationSupportsIndirectInputEvents = YES;
				INFOPLIST_KEY_UILaunchStoryboardName = LaunchScreen;
				INFOPLIST_KEY_UIMainStoryboardFile = "";
				INFOPLIST_KEY_UISupportedInterfaceOrientations_iPad = "UIInterfaceOrientationPortrait UIInterfaceOrientationPortraitUpsideDown UIInterfaceOrientationLandscapeLeft UIInterfaceOrientationLandscapeRight";
				INFOPLIST_KEY_UISupportedInterfaceOrientations_iPhone = "UIInterfaceOrientationPortrait UIInterfaceOrientationLandscapeLeft UIInterfaceOrientationLandscapeRight";
				IPHONEOS_DEPLOYMENT_TARGET = 14.0;
				LD_RUNPATH_SEARCH_PATHS = (
					"$(inherited)",
					"@executable_path/Frameworks",
				);
				MARKETING_VERSION = 1.0;
				PRODUCT_BUNDLE_IDENTIFIER = co.mateusdias.NewsApp.NewsApp;
				PRODUCT_NAME = "$(TARGET_NAME)";
				SUPPORTED_PLATFORMS = "iphoneos iphonesimulator";
				SUPPORTS_MACCATALYST = NO;
				SUPPORTS_MAC_DESIGNED_FOR_IPHONE_IPAD = NO;
				SUPPORTS_XR_DESIGNED_FOR_IPHONE_IPAD = NO;
				SWIFT_EMIT_LOC_STRINGS = YES;
				SWIFT_VERSION = 5.0;
				TARGETED_DEVICE_FAMILY = 1;
			};
			name = Release;
		};
/* End XCBuildConfiguration section */

/* Begin XCConfigurationList section */
		E5B5A0402BEF8FFD00AA0B71 /* Build configuration list for PBXProject "NewsApp" */ = {
			isa = XCConfigurationList;
			buildConfigurations = (
				E5B5A0572BEF900900AA0B71 /* Debug */,
				E5B5A0582BEF900900AA0B71 /* Release */,
			);
			defaultConfigurationIsVisible = 0;
			defaultConfigurationName = Release;
		};
		E5B5A0592BEF900900AA0B71 /* Build configuration list for PBXNativeTarget "NewsApp" */ = {
			isa = XCConfigurationList;
			buildConfigurations = (
				E5B5A05A2BEF900900AA0B71 /* Debug */,
				E5B5A05B2BEF900900AA0B71 /* Release */,
			);
			defaultConfigurationIsVisible = 0;
			defaultConfigurationName = Release;
		};
/* End XCConfigurationList section */
	};
	rootObject = E5B5A03D2BEF8FFD00AA0B71 /* Project object */;
}
